<?xml version="1.0" encoding="utf-8"?>
<Project ToolsVersion="4.0" xmlns="http://schemas.microsoft.com/developer/msbuild/2003">
  <ItemGroup>
    <Filter Include="Quelldateien">
      <UniqueIdentifier>{4FC737F1-C7A5-4376-A066-2A32D752A2FF}</UniqueIdentifier>
      <Extensions>cpp;c;cc;cxx;def;odl;idl;hpj;bat;asm;asmx</Extensions>
    </Filter>
    <Filter Include="Headerdateien">
      <UniqueIdentifier>{93995380-89BD-4b04-88EB-625FBE52EBFB}</UniqueIdentifier>
      <Extensions>h;hh;hpp;hxx;hm;inl;inc;ipp;xsd</Extensions>
    </Filter>
    <Filter Include="Ressourcendateien">
      <UniqueIdentifier>{67DA6AB6-F800-4c08-8B7A-83BB121AAD01}</UniqueIdentifier>
      <Extensions>rc;ico;cur;bmp;dlg;rc2;rct;bin;rgs;gif;jpg;jpeg;jpe;resx;tiff;tif;png;wav;mfcribbon-ms</Extensions>
    </Filter>
    <Filter Include="Headerdateien\audio">
      <UniqueIdentifier>{e19b506d-5d95-4b88-b731-7c32a2a617e4}</UniqueIdentifier>
    </Filter>
    <Filter Include="Headerdateien\graphic">
      <UniqueIdentifier>{e757eace-5396-4eb8-b902-eec3bec22aa8}</UniqueIdentifier>
    </Filter>
    <Filter Include="Headerdateien\util">
      <UniqueIdentifier>{42fcf9e7-2f88-4cf6-b91f-2dfd1a088b42}</UniqueIdentifier>
    </Filter>
    <Filter Include="Headerdateien\template">
      <UniqueIdentifier>{4a0481e5-6746-487f-9b8f-5377fa294a2b}</UniqueIdentifier>
    </Filter>
    <Filter Include="Headerdateien\entity_component">
      <UniqueIdentifier>{6bd997c2-7133-43c7-a1b5-8ace7c64a351}</UniqueIdentifier>
    </Filter>
    <Filter Include="Headerdateien\core">
      <UniqueIdentifier>{c7c6559c-1c57-4cba-bcd3-c6514847b4d7}</UniqueIdentifier>
    </Filter>
    <Filter Include="Headerdateien\core\enums">
      <UniqueIdentifier>{33fab96e-aa21-4710-9cf2-49fd0df44579}</UniqueIdentifier>
    </Filter>
    <Filter Include="Headerdateien\graphic\wrapper">
      <UniqueIdentifier>{e7fa03ff-e1c7-4acf-b91c-d141087a3e4b}</UniqueIdentifier>
    </Filter>
    <Filter Include="Headerdateien\graphic\gui">
      <UniqueIdentifier>{e6da55ea-5a30-47d7-ad02-835ce266a7a8}</UniqueIdentifier>
    </Filter>
    <Filter Include="Headerdateien\io">
      <UniqueIdentifier>{6c233e3b-dd34-4441-a469-e16537eb4171}</UniqueIdentifier>
    </Filter>
    <Filter Include="Headerdateien\interface">
      <UniqueIdentifier>{f6c6e3ca-2044-43dc-b5e2-8a750a78ea7e}</UniqueIdentifier>
    </Filter>
  </ItemGroup>
  <ItemGroup>
    <None Include="packages.config" />
  </ItemGroup>
  <ItemGroup>
    <ClCompile Include="File.cpp">
      <Filter>Quelldateien</Filter>
    </ClCompile>
    <ClCompile Include="Sprite.cpp">
      <Filter>Quelldateien</Filter>
    </ClCompile>
    <ClCompile Include="Assets.cpp">
      <Filter>Quelldateien</Filter>
    </ClCompile>
    <ClCompile Include="Core.cpp">
      <Filter>Quelldateien</Filter>
    </ClCompile>
    <ClCompile Include="Renderer.cpp">
      <Filter>Quelldateien</Filter>
    </ClCompile>
    <ClCompile Include="Music.cpp">
      <Filter>Quelldateien</Filter>
    </ClCompile>
    <ClCompile Include="SpriteQueue.cpp">
      <Filter>Quelldateien</Filter>
    </ClCompile>
    <ClCompile Include="MusicQueue.cpp">
      <Filter>Quelldateien</Filter>
    </ClCompile>
    <ClCompile Include="Updater.cpp">
      <Filter>Quelldateien</Filter>
    </ClCompile>
    <ClCompile Include="ConfigFile.cpp">
      <Filter>Quelldateien</Filter>
    </ClCompile>
    <ClCompile Include="Animation.cpp">
      <Filter>Quelldateien</Filter>
    </ClCompile>
    <ClCompile Include="Messagebox.cpp">
      <Filter>Quelldateien</Filter>
    </ClCompile>
    <ClCompile Include="Font.cpp">
      <Filter>Quelldateien</Filter>
    </ClCompile>
    <ClCompile Include="Texture.cpp">
      <Filter>Quelldateien</Filter>
    </ClCompile>
    <ClCompile Include="Display.cpp">
      <Filter>Quelldateien</Filter>
    </ClCompile>
    <ClCompile Include="Button.cpp">
      <Filter>Quelldateien</Filter>
    </ClCompile>
    <ClCompile Include="Disposer.cpp">
      <Filter>Quelldateien</Filter>
    </ClCompile>
    <ClCompile Include="TextureSheet.cpp">
      <Filter>Quelldateien</Filter>
    </ClCompile>
    <ClCompile Include="Timer.cpp">
      <Filter>Quelldateien</Filter>
    </ClCompile>
    <ClCompile Include="Parallax.cpp">
      <Filter>Quelldateien</Filter>
    </ClCompile>
    <ClCompile Include="Screen.cpp">
      <Filter>Quelldateien</Filter>
    </ClCompile>
    <ClCompile Include="Textbox.cpp">
      <Filter>Quelldateien</Filter>
    </ClCompile>
    <ClCompile Include="Grid.cpp">
      <Filter>Quelldateien</Filter>
    </ClCompile>
  </ItemGroup>
  <ItemGroup>
    <ClInclude Include="MusicQueue.hpp">
      <Filter>Headerdateien\audio</Filter>
    </ClInclude>
    <ClInclude Include="DisplayFlags.hpp">
      <Filter>Headerdateien\core\enums</Filter>
    </ClInclude>
    <ClInclude Include="Events.hpp">
      <Filter>Headerdateien\core\enums</Filter>
    </ClInclude>
    <ClInclude Include="Keycodes.hpp">
      <Filter>Headerdateien\core\enums</Filter>
    </ClInclude>
    <ClInclude Include="FileAccess.hpp">
      <Filter>Headerdateien\core\enums</Filter>
    </ClInclude>
    <ClInclude Include="MessageButtons.hpp">
      <Filter>Headerdateien\core\enums</Filter>
    </ClInclude>
    <ClInclude Include="MessageReturn.hpp">
      <Filter>Headerdateien\core\enums</Filter>
    </ClInclude>
    <ClInclude Include="Assets.hpp">
      <Filter>Headerdateien\core</Filter>
    </ClInclude>
    <ClInclude Include="Core.hpp">
      <Filter>Headerdateien\core</Filter>
    </ClInclude>
    <ClInclude Include="Component.hpp">
      <Filter>Headerdateien\entity_component</Filter>
    </ClInclude>
    <ClInclude Include="Entity.hpp">
      <Filter>Headerdateien\entity_component</Filter>
    </ClInclude>
    <ClInclude Include="Button.hpp">
      <Filter>Headerdateien\graphic\gui</Filter>
    </ClInclude>
    <ClInclude Include="Display.hpp">
      <Filter>Headerdateien\graphic\wrapper</Filter>
    </ClInclude>
    <ClInclude Include="Font.hpp">
      <Filter>Headerdateien\graphic\wrapper</Filter>
    </ClInclude>
    <ClInclude Include="Texture.hpp">
      <Filter>Headerdateien\graphic\wrapper</Filter>
    </ClInclude>
    <ClInclude Include="TextureSheet.hpp">
      <Filter>Headerdateien\graphic\wrapper</Filter>
    </ClInclude>
    <ClInclude Include="Animation.hpp">
      <Filter>Headerdateien\graphic</Filter>
    </ClInclude>
    <ClInclude Include="Renderer.hpp">
      <Filter>Headerdateien\graphic</Filter>
    </ClInclude>
    <ClInclude Include="Sprite.hpp">
      <Filter>Headerdateien\graphic</Filter>
    </ClInclude>
    <ClInclude Include="SpriteQueue.hpp">
      <Filter>Headerdateien\graphic</Filter>
    </ClInclude>
    <ClInclude Include="ConfigFile.hpp">
      <Filter>Headerdateien\io</Filter>
    </ClInclude>
    <ClInclude Include="File.hpp">
      <Filter>Headerdateien\io</Filter>
    </ClInclude>
    <ClInclude Include="Disposable.hpp">
      <Filter>Headerdateien\interface</Filter>
    </ClInclude>
    <ClInclude Include="Drawable.hpp">
      <Filter>Headerdateien\interface</Filter>
    </ClInclude>
    <ClInclude Include="Updateable.hpp">
      <Filter>Headerdateien\interface</Filter>
    </ClInclude>
    <ClInclude Include="Circle.hpp">
      <Filter>Headerdateien\template</Filter>
    </ClInclude>
    <ClInclude Include="Color3.hpp">
      <Filter>Headerdateien\template</Filter>
    </ClInclude>
    <ClInclude Include="Color4.hpp">
      <Filter>Headerdateien\template</Filter>
    </ClInclude>
    <ClInclude Include="Rectangle.hpp">
      <Filter>Headerdateien\template</Filter>
    </ClInclude>
    <ClInclude Include="Vector2.hpp">
      <Filter>Headerdateien\template</Filter>
    </ClInclude>
    <ClInclude Include="Vector3.hpp">
      <Filter>Headerdateien\template</Filter>
    </ClInclude>
    <ClInclude Include="Disposer.hpp">
      <Filter>Headerdateien\util</Filter>
    </ClInclude>
    <ClInclude Include="Logger.hpp">
      <Filter>Headerdateien\util</Filter>
    </ClInclude>
    <ClInclude Include="Messagebox.hpp">
      <Filter>Headerdateien\util</Filter>
    </ClInclude>
    <ClInclude Include="Updater.hpp">
      <Filter>Headerdateien\util</Filter>
    </ClInclude>
    <ClInclude Include="sd_engine.hpp">
      <Filter>Headerdateien</Filter>
    </ClInclude>
    <ClInclude Include="Transformable.hpp">
      <Filter>Headerdateien\interface</Filter>
    </ClInclude>
    <ClInclude Include="Timer.hpp">
      <Filter>Headerdateien\util</Filter>
    </ClInclude>
    <ClInclude Include="Parallax.hpp">
      <Filter>Headerdateien\graphic</Filter>
    </ClInclude>
    <ClInclude Include="SdeException.hpp">
      <Filter>Headerdateien\template</Filter>
    </ClInclude>
    <ClInclude Include="Textbox.hpp">
      <Filter>Headerdateien\graphic\gui</Filter>
    </ClInclude>
    <ClInclude Include="Initialisable.hpp">
      <Filter>Headerdateien\interface</Filter>
    </ClInclude>
    <ClInclude Include="Game.hpp">
      <Filter>Headerdateien\interface</Filter>
    </ClInclude>
    <ClInclude Include="Grid.hpp">
      <Filter>Headerdateien\util</Filter>
    </ClInclude>
    <ClInclude Include="Random.hpp">
      <Filter>Headerdateien\util</Filter>
    </ClInclude>
    <ClInclude Include="Screen.hpp">
      <Filter>Headerdateien\graphic</Filter>
    </ClInclude>
    <ClInclude Include="Math.hpp">
      <Filter>Headerdateien\util</Filter>
    </ClInclude>
    <ClInclude Include="Music.hpp">
      <Filter>Headerdateien\audio</Filter>
    </ClInclude>
    <ClInclude Include="Color.hpp">
      <Filter>Headerdateien\template</Filter>
    </ClInclude>
  </ItemGroup>
</Project>