<?xml version="1.0" encoding="utf-8"?>
<Project ToolsVersion="4.0" xmlns="http://schemas.microsoft.com/developer/msbuild/2003">
  <ItemGroup>
    <Filter Include="Quelldateien">
      <UniqueIdentifier>{4FC737F1-C7A5-4376-A066-2A32D752A2FF}</UniqueIdentifier>
      <Extensions>cpp;c;cc;cxx;def;odl;idl;hpj;bat;asm;asmx</Extensions>
    </Filter>
    <Filter Include="Headerdateien">
      <UniqueIdentifier>{93995380-89BD-4b04-88EB-625FBE52EBFB}</UniqueIdentifier>
      <Extensions>h;hh;hpp;hxx;hm;inl;inc;ipp;xsd</Extensions>
    </Filter>
    <Filter Include="Ressourcendateien">
      <UniqueIdentifier>{67DA6AB6-F800-4c08-8B7A-83BB121AAD01}</UniqueIdentifier>
      <Extensions>rc;ico;cur;bmp;dlg;rc2;rct;bin;rgs;gif;jpg;jpeg;jpe;resx;tiff;tif;png;wav;mfcribbon-ms</Extensions>
    </Filter>
    <Filter Include="Quelldateien\Main">
      <UniqueIdentifier>{aa2342e8-c6a9-4691-9f3e-b4358936b304}</UniqueIdentifier>
    </Filter>
    <Filter Include="Headerdateien\audio">
      <UniqueIdentifier>{e19b506d-5d95-4b88-b731-7c32a2a617e4}</UniqueIdentifier>
    </Filter>
    <Filter Include="Headerdateien\graphic">
      <UniqueIdentifier>{e757eace-5396-4eb8-b902-eec3bec22aa8}</UniqueIdentifier>
    </Filter>
    <Filter Include="Headerdateien\util">
      <UniqueIdentifier>{42fcf9e7-2f88-4cf6-b91f-2dfd1a088b42}</UniqueIdentifier>
    </Filter>
    <Filter Include="Headerdateien\template">
      <UniqueIdentifier>{4a0481e5-6746-487f-9b8f-5377fa294a2b}</UniqueIdentifier>
    </Filter>
    <Filter Include="Headerdateien\entity_component">
      <UniqueIdentifier>{6bd997c2-7133-43c7-a1b5-8ace7c64a351}</UniqueIdentifier>
    </Filter>
    <Filter Include="Headerdateien\core">
      <UniqueIdentifier>{c7c6559c-1c57-4cba-bcd3-c6514847b4d7}</UniqueIdentifier>
    </Filter>
    <Filter Include="Headerdateien\template\interface">
      <UniqueIdentifier>{f6c6e3ca-2044-43dc-b5e2-8a750a78ea7e}</UniqueIdentifier>
    </Filter>
    <Filter Include="Headerdateien\core\enums">
      <UniqueIdentifier>{33fab96e-aa21-4710-9cf2-49fd0df44579}</UniqueIdentifier>
    </Filter>
    <Filter Include="Headerdateien\audio\wrapper">
      <UniqueIdentifier>{7aef87b4-6cae-4ed3-bd08-91efc8e8a61a}</UniqueIdentifier>
    </Filter>
    <Filter Include="Headerdateien\graphic\wrapper">
      <UniqueIdentifier>{e7fa03ff-e1c7-4acf-b91c-d141087a3e4b}</UniqueIdentifier>
    </Filter>
    <Filter Include="Headerdateien\graphic\gui">
      <UniqueIdentifier>{e6da55ea-5a30-47d7-ad02-835ce266a7a8}</UniqueIdentifier>
    </Filter>
  </ItemGroup>
  <ItemGroup>
    <None Include="packages.config" />
  </ItemGroup>
  <ItemGroup>
    <ClCompile Include="Logger.cpp">
      <Filter>Quelldateien</Filter>
    </ClCompile>
    <ClCompile Include="File.cpp">
      <Filter>Quelldateien</Filter>
    </ClCompile>
    <ClCompile Include="Sprite.cpp">
      <Filter>Quelldateien</Filter>
    </ClCompile>
    <ClCompile Include="Assets.cpp">
      <Filter>Quelldateien</Filter>
    </ClCompile>
    <ClCompile Include="Main.cpp">
      <Filter>Quelldateien\Main</Filter>
    </ClCompile>
    <ClCompile Include="Core.cpp">
      <Filter>Quelldateien</Filter>
    </ClCompile>
    <ClCompile Include="Renderer.cpp">
      <Filter>Quelldateien</Filter>
    </ClCompile>
    <ClCompile Include="Music.cpp">
      <Filter>Quelldateien</Filter>
    </ClCompile>
    <ClCompile Include="Component.cpp">
      <Filter>Quelldateien</Filter>
    </ClCompile>
    <ClCompile Include="Entity.cpp">
      <Filter>Quelldateien</Filter>
    </ClCompile>
    <ClCompile Include="SpriteQueue.cpp">
      <Filter>Quelldateien</Filter>
    </ClCompile>
    <ClCompile Include="MusicQueue.cpp">
      <Filter>Quelldateien</Filter>
    </ClCompile>
    <ClCompile Include="Updater.cpp">
      <Filter>Quelldateien</Filter>
    </ClCompile>
    <ClCompile Include="ConfigFile.cpp">
      <Filter>Quelldateien</Filter>
    </ClCompile>
    <ClCompile Include="Animation.cpp">
      <Filter>Quelldateien</Filter>
    </ClCompile>
    <ClCompile Include="Messagebox.cpp">
      <Filter>Quelldateien</Filter>
    </ClCompile>
    <ClCompile Include="Font.cpp">
      <Filter>Quelldateien</Filter>
    </ClCompile>
    <ClCompile Include="Texture.cpp">
      <Filter>Quelldateien</Filter>
    </ClCompile>
    <ClCompile Include="Display.cpp">
      <Filter>Quelldateien</Filter>
    </ClCompile>
    <ClCompile Include="Button.cpp">
      <Filter>Quelldateien</Filter>
    </ClCompile>
    <ClCompile Include="Disposer.cpp">
      <Filter>Quelldateien</Filter>
    </ClCompile>
    <ClCompile Include="TextureSheet.cpp">
      <Filter>Quelldateien</Filter>
    </ClCompile>
    <ClCompile Include="SubTexture.cpp">
      <Filter>Quelldateien</Filter>
    </ClCompile>
  </ItemGroup>
  <ItemGroup>
    <ClInclude Include="Vector2.h">
      <Filter>Headerdateien\template</Filter>
    </ClInclude>
    <ClInclude Include="Sprite.h">
      <Filter>Headerdateien\graphic</Filter>
    </ClInclude>
    <ClInclude Include="Renderer.h">
      <Filter>Headerdateien\graphic</Filter>
    </ClInclude>
    <ClInclude Include="Assets.h">
      <Filter>Headerdateien\util</Filter>
    </ClInclude>
    <ClInclude Include="Logger.h">
      <Filter>Headerdateien\util</Filter>
    </ClInclude>
    <ClInclude Include="File.h">
      <Filter>Headerdateien\util</Filter>
    </ClInclude>
    <ClInclude Include="Component.h">
      <Filter>Headerdateien\entity_component</Filter>
    </ClInclude>
    <ClInclude Include="Core.h">
      <Filter>Headerdateien\core</Filter>
    </ClInclude>
    <ClInclude Include="Entity.h">
      <Filter>Headerdateien\entity_component</Filter>
    </ClInclude>
    <ClInclude Include="SpriteQueue.h">
      <Filter>Headerdateien\graphic</Filter>
    </ClInclude>
    <ClInclude Include="MusicQueue.h">
      <Filter>Headerdateien\audio</Filter>
    </ClInclude>
    <ClInclude Include="Updater.h">
      <Filter>Headerdateien\util</Filter>
    </ClInclude>
    <ClInclude Include="Updateable.h">
      <Filter>Headerdateien\template\interface</Filter>
    </ClInclude>
    <ClInclude Include="ConfigFile.h">
      <Filter>Headerdateien\util</Filter>
    </ClInclude>
    <ClInclude Include="Rectangle.h">
      <Filter>Headerdateien\template</Filter>
    </ClInclude>
    <ClInclude Include="Animation.h">
      <Filter>Headerdateien\graphic</Filter>
    </ClInclude>
    <ClInclude Include="Messagebox.h">
      <Filter>Headerdateien\util</Filter>
    </ClInclude>
    <ClInclude Include="Events.h">
      <Filter>Headerdateien\core\enums</Filter>
    </ClInclude>
    <ClInclude Include="Keycodes.h">
      <Filter>Headerdateien\core\enums</Filter>
    </ClInclude>
    <ClInclude Include="MessageButtons.h">
      <Filter>Headerdateien\core\enums</Filter>
    </ClInclude>
    <ClInclude Include="Font.h">
      <Filter>Headerdateien\graphic</Filter>
    </ClInclude>
    <ClInclude Include="FileAccess.h">
      <Filter>Headerdateien\core\enums</Filter>
    </ClInclude>
    <ClInclude Include="Vector3.h">
      <Filter>Headerdateien\template</Filter>
    </ClInclude>
    <ClInclude Include="Color4.h">
      <Filter>Headerdateien\template</Filter>
    </ClInclude>
    <ClInclude Include="Color3.h">
      <Filter>Headerdateien\template</Filter>
    </ClInclude>
    <ClInclude Include="Casting.h">
      <Filter>Headerdateien\util</Filter>
    </ClInclude>
    <ClInclude Include="Music.h">
      <Filter>Headerdateien\audio\wrapper</Filter>
    </ClInclude>
    <ClInclude Include="Texture.h">
      <Filter>Headerdateien\graphic\wrapper</Filter>
    </ClInclude>
    <ClInclude Include="Display.h">
      <Filter>Headerdateien\graphic\wrapper</Filter>
    </ClInclude>
    <ClInclude Include="DisplayFlags.h">
      <Filter>Headerdateien\core\enums</Filter>
    </ClInclude>
    <ClInclude Include="MessageReturn.h">
      <Filter>Headerdateien\core\enums</Filter>
    </ClInclude>
    <ClInclude Include="Drawable.h">
      <Filter>Headerdateien\template\interface</Filter>
    </ClInclude>
    <ClInclude Include="Button.h">
      <Filter>Headerdateien\graphic\gui</Filter>
    </ClInclude>
    <ClInclude Include="Disposable.h">
      <Filter>Headerdateien\template\interface</Filter>
    </ClInclude>
    <ClInclude Include="Disposer.h">
      <Filter>Headerdateien\util</Filter>
    </ClInclude>
    <ClInclude Include="TextureSheet.h">
      <Filter>Headerdateien\graphic\wrapper</Filter>
    </ClInclude>
    <ClInclude Include="SubTexture.h">
      <Filter>Headerdateien\graphic\wrapper</Filter>
    </ClInclude>
  </ItemGroup>
</Project>